
Microsoft Visual Studio Solution File, Format Version 12.00
# Visual Studio 15
VisualStudioVersion = 15.0.28307.779
MinimumVisualStudioVersion = 10.0.40219.1
Project("{8BC9CEB8-8B4A-11D0-8D11-00A0C91BC942}") = "String Multiply", "LeetCodes.vcxproj", "{CB5B5291-8D9E-440B-BB5C-CE577C2CB2AC}"
EndProject
Project("{8BC9CEB8-8B4A-11D0-8D11-00A0C91BC942}") = "Longest Substring Without Repeating Characters", "Longest Substring Without Repeating Characters\Longest Substring Without Repeating Characters.vcxproj", "{3F05E6D6-E2E7-4D0A-8F64-19C6C48AC078}"
EndProject
Project("{8BC9CEB8-8B4A-11D0-8D11-00A0C91BC942}") = "Reverse Integer", "Reverse Integer\Reverse Integer.vcxproj", "{ED43E0BA-F33D-4162-85A8-3C0E1B8874B0}"
EndProject
Project("{8BC9CEB8-8B4A-11D0-8D11-00A0C91BC942}") = "Container With Most Water", "Container With Most Water\Container With Most Water.vcxproj", "{EB787729-9D05-4CCC-ABEF-2389B3CD20F8}"
EndProject
Project("{8BC9CEB8-8B4A-11D0-8D11-00A0C91BC942}") = "N-Queens", "N-Queens\N-Queens.vcxproj", "{AAB037DC-1924-409E-9B5F-425955A21D97}"
EndProject
Global
	GlobalSection(SolutionConfigurationPlatforms) = preSolution
		Debug|x64 = Debug|x64
		Debug|x86 = Debug|x86
		Release|x64 = Release|x64
		Release|x86 = Release|x86
	EndGlobalSection
	GlobalSection(ProjectConfigurationPlatforms) = postSolution
		{CB5B5291-8D9E-440B-BB5C-CE577C2CB2AC}.Debug|x64.ActiveCfg = Debug|x64
		{CB5B5291-8D9E-440B-BB5C-CE577C2CB2AC}.Debug|x64.Build.0 = Debug|x64
		{CB5B5291-8D9E-440B-BB5C-CE577C2CB2AC}.Debug|x86.ActiveCfg = Debug|Win32
		{CB5B5291-8D9E-440B-BB5C-CE577C2CB2AC}.Debug|x86.Build.0 = Debug|Win32
		{CB5B5291-8D9E-440B-BB5C-CE577C2CB2AC}.Release|x64.ActiveCfg = Release|x64
		{CB5B5291-8D9E-440B-BB5C-CE577C2CB2AC}.Release|x64.Build.0 = Release|x64
		{CB5B5291-8D9E-440B-BB5C-CE577C2CB2AC}.Release|x86.ActiveCfg = Release|Win32
		{CB5B5291-8D9E-440B-BB5C-CE577C2CB2AC}.Release|x86.Build.0 = Release|Win32
		{3F05E6D6-E2E7-4D0A-8F64-19C6C48AC078}.Debug|x64.ActiveCfg = Debug|x64
		{3F05E6D6-E2E7-4D0A-8F64-19C6C48AC078}.Debug|x64.Build.0 = Debug|x64
		{3F05E6D6-E2E7-4D0A-8F64-19C6C48AC078}.Debug|x86.ActiveCfg = Debug|Win32
		{3F05E6D6-E2E7-4D0A-8F64-19C6C48AC078}.Debug|x86.Build.0 = Debug|Win32
		{3F05E6D6-E2E7-4D0A-8F64-19C6C48AC078}.Release|x64.ActiveCfg = Release|x64
		{3F05E6D6-E2E7-4D0A-8F64-19C6C48AC078}.Release|x64.Build.0 = Release|x64
		{3F05E6D6-E2E7-4D0A-8F64-19C6C48AC078}.Release|x86.ActiveCfg = Release|Win32
		{3F05E6D6-E2E7-4D0A-8F64-19C6C48AC078}.Release|x86.Build.0 = Release|Win32
		{ED43E0BA-F33D-4162-85A8-3C0E1B8874B0}.Debug|x64.ActiveCfg = Debug|x64
		{ED43E0BA-F33D-4162-85A8-3C0E1B8874B0}.Debug|x64.Build.0 = Debug|x64
		{ED43E0BA-F33D-4162-85A8-3C0E1B8874B0}.Debug|x86.ActiveCfg = Debug|Win32
		{ED43E0BA-F33D-4162-85A8-3C0E1B8874B0}.Debug|x86.Build.0 = Debug|Win32
		{ED43E0BA-F33D-4162-85A8-3C0E1B8874B0}.Release|x64.ActiveCfg = Release|x64
		{ED43E0BA-F33D-4162-85A8-3C0E1B8874B0}.Release|x64.Build.0 = Release|x64
		{ED43E0BA-F33D-4162-85A8-3C0E1B8874B0}.Release|x86.ActiveCfg = Release|Win32
		{ED43E0BA-F33D-4162-85A8-3C0E1B8874B0}.Release|x86.Build.0 = Release|Win32
		{EB787729-9D05-4CCC-ABEF-2389B3CD20F8}.Debug|x64.ActiveCfg = Debug|x64
		{EB787729-9D05-4CCC-ABEF-2389B3CD20F8}.Debug|x64.Build.0 = Debug|x64
		{EB787729-9D05-4CCC-ABEF-2389B3CD20F8}.Debug|x86.ActiveCfg = Debug|Win32
		{EB787729-9D05-4CCC-ABEF-2389B3CD20F8}.Debug|x86.Build.0 = Debug|Win32
		{EB787729-9D05-4CCC-ABEF-2389B3CD20F8}.Release|x64.ActiveCfg = Release|x64
		{EB787729-9D05-4CCC-ABEF-2389B3CD20F8}.Release|x64.Build.0 = Release|x64
		{EB787729-9D05-4CCC-ABEF-2389B3CD20F8}.Release|x86.ActiveCfg = Release|Win32
		{EB787729-9D05-4CCC-ABEF-2389B3CD20F8}.Release|x86.Build.0 = Release|Win32
		{AAB037DC-1924-409E-9B5F-425955A21D97}.Debug|x64.ActiveCfg = Debug|x64
		{AAB037DC-1924-409E-9B5F-425955A21D97}.Debug|x64.Build.0 = Debug|x64
		{AAB037DC-1924-409E-9B5F-425955A21D97}.Debug|x86.ActiveCfg = Debug|Win32
		{AAB037DC-1924-409E-9B5F-425955A21D97}.Debug|x86.Build.0 = Debug|Win32
		{AAB037DC-1924-409E-9B5F-425955A21D97}.Release|x64.ActiveCfg = Release|x64
		{AAB037DC-1924-409E-9B5F-425955A21D97}.Release|x64.Build.0 = Release|x64
		{AAB037DC-1924-409E-9B5F-425955A21D97}.Release|x86.ActiveCfg = Release|Win32
		{AAB037DC-1924-409E-9B5F-425955A21D97}.Release|x86.Build.0 = Release|Win32
	EndGlobalSection
	GlobalSection(SolutionProperties) = preSolution
		HideSolutionNode = FALSE
	EndGlobalSection
	GlobalSection(ExtensibilityGlobals) = postSolution
		SolutionGuid = {FF937853-30A0-4874-9936-9E2E27CE5E77}
	EndGlobalSection
EndGlobal
